github.com/davecgh/go-spew v1.1.1 h1:vj9j/u1bqnvCEfJOwUhtlOARqs3+rkHYY13jYWTU97c=
github.com/davecgh/go-spew v1.1.1/go.mod h1:J7Y8YcW2NihsgmVo/mv3lAwl/skON4iLHjSsI+c5H38=
github.com/duckdb/duckdb-go-bindings v0.1.13 h1:3Ec0SjMBuzt7wExde5ZoMXd1Nk91LJmpopq2Ee6g9Pw=
github.com/duckdb/duckdb-go-bindings v0.1.13/go.mod h1:pBnfviMzANT/9hi4bg+zW4ykRZZPCXlVuvBWEcZofkc=
github.com/duckdb/duckdb-go-bindings/darwin-amd64 v0.1.8 h1:n4RNMqiUPao53YKmlh36zGEr49CnUXGVKOtOMCEhwFE=
github.com/duckdb/duckdb-go-bindings/darwin-amd64 v0.1.8/go.mod h1:Ezo7IbAfB8NP7CqPIN8XEHKUg5xdRRQhcPPlCXImXYA=
github.com/duckdb/duckdb-go-bindings/darwin-arm64 v0.1.8 h1:3ZBS6wETlZp9UDmaWJ4O4k7ZSjqQjyhMW5aZZBXThqM=
github.com/duckdb/duckdb-go-bindings/darwin-arm64 v0.1.8/go.mod h1:eS7m/mLnPQgVF4za1+xTyorKRBuK0/BA44Oy6DgrGXI=
github.com/duckdb/duckdb-go-bindings/linux-amd64 v0.1.8 h1:KCUI9KSAUKbYasNlTcjky30nbDtF18S6s6R3usXWLqk=
github.com/duckdb/duckdb-go-bindings/linux-amd64 v0.1.8/go.mod h1:1GOuk1PixiESxLaCGFhag+oFi7aP+9W8byymRAvunBk=
github.com/duckdb/duckdb-go-bindings/linux-arm64 v0.1.8 h1:QgKzpNG7EMPq3ayYcr0LzGfC+dCzGA/Gm6Y7ndbrXHg=
github.com/duckdb/duckdb-go-bindings/linux-arm64 v0.1.8/go.mod h1:o7crKMpT2eOIi5/FY6HPqaXcvieeLSqdXXaXbruGX7w=
github.com/duckdb/duckdb-go-bindings/windows-amd64 v0.1.8 h1:lmseSULUmuVycRBJ6DVH86eFOQhHz32hN8mfxF7z+0w=
github.com/duckdb/duckdb-go-bindings/windows-amd64 v0.1.8/go.mod h1:IlOhJdVKUJCAPj3QsDszUo8DVdvp1nBFp4TUJVdw99s=
github.com/pmezard/go-difflib v1.0.0 h1:4DBwDE0NGyQoBHbLQYPwSUPoCMWR5BEzIk/f1lZbAQM=
github.com/pmezard/go-difflib v1.0.0/go.mod h1:iKH77koFhYxTK1pcRnkKkqfTogsbg7gZNVY4sRDYZ/4=
github.com/stretchr/testify v1.10.0 h1:Xv5erBjTwe/5IxqUQTdXv5kgmIvbHo3QQyRwhJsOfJA=
github.com/stretchr/testify v1.10.0/go.mod h1:r2ic/lqez/lEtzL7wO/rwa5dbSLXVDPFyf8C91i36aY=
gopkg.in/yaml.v3 v3.0.1 h1:fxVm/GzAzEWqLHuvctI91KS9hhNmmWOoWu0XTYJS7CA=
gopkg.in/yaml.v3 v3.0.1/go.mod h1:K4uyk7z7BCEPqu6E+C64Yfv1cQ7kz7rIZviUmN+EgEM=
